
Microsoft Visual Studio Solution File, Format Version 12.00
# Visual Studio Version 16
VisualStudioVersion = 16.0.31402.337
MinimumVisualStudioVersion = 10.0.40219.1
Project("{FAE04EC0-301F-11D3-BF4B-00C04F79EFBC}") = "NavigationApp", "NavigationApp.csproj", "{2E738F7E-CE21-49E6-9F41-F39652217478}"
EndProject
Project("{FAE04EC0-301F-11D3-BF4B-00C04F79EFBC}") = "EZNavLib", "EZNavLib\EZNavLib.csproj", "{D2930567-5B2C-4B9E-9490-CD997E5D6F08}"
EndProject
Global
	GlobalSection(SolutionConfigurationPlatforms) = preSolution
		Debug|Any CPU = Debug|Any CPU
		Release|Any CPU = Release|Any CPU
	EndGlobalSection
	GlobalSection(ProjectConfigurationPlatforms) = postSolution
		{2E738F7E-CE21-49E6-9F41-F39652217478}.Debug|Any CPU.ActiveCfg = Debug|Any CPU
		{2E738F7E-CE21-49E6-9F41-F39652217478}.Debug|Any CPU.Build.0 = Debug|Any CPU
		{2E738F7E-CE21-49E6-9F41-F39652217478}.Release|Any CPU.ActiveCfg = Release|Any CPU
		{2E738F7E-CE21-49E6-9F41-F39652217478}.Release|Any CPU.Build.0 = Release|Any CPU
		{D2930567-5B2C-4B9E-9490-CD997E5D6F08}.Debug|Any CPU.ActiveCfg = Debug|Any CPU
		{D2930567-5B2C-4B9E-9490-CD997E5D6F08}.Debug|Any CPU.Build.0 = Debug|Any CPU
		{D2930567-5B2C-4B9E-9490-CD997E5D6F08}.Release|Any CPU.ActiveCfg = Release|Any CPU
		{D2930567-5B2C-4B9E-9490-CD997E5D6F08}.Release|Any CPU.Build.0 = Release|Any CPU
	EndGlobalSection
	GlobalSection(SolutionProperties) = preSolution
		HideSolutionNode = FALSE
	EndGlobalSection
	GlobalSection(ExtensibilityGlobals) = postSolution
		SolutionGuid = {ACB87093-28D3-4258-AC0B-64A75883B6E7}
	EndGlobalSection
EndGlobal
